// !$*UTF8*$!
{
	archiveVersion = 1;
	classes = {
	};
	objectVersion = 50;
	objects = {

/* Begin PBXBuildFile section */
		3C49D33E23CFD3FE0007A4C0 /* AppDelegate.swift in Sources */ = {isa = PBXBuildFile; fileRef = 3C49D33D23CFD3FE0007A4C0 /* AppDelegate.swift */; };
		3C49D34023CFD3FE0007A4C0 /* SceneDelegate.swift in Sources */ = {isa = PBXBuildFile; fileRef = 3C49D33F23CFD3FE0007A4C0 /* SceneDelegate.swift */; };
		3C49D34223CFD3FE0007A4C0 /* ContentView.swift in Sources */ = {isa = PBXBuildFile; fileRef = 3C49D34123CFD3FE0007A4C0 /* ContentView.swift */; };
		3C49D34423CFD4010007A4C0 /* Assets.xcassets in Resources */ = {isa = PBXBuildFile; fileRef = 3C49D34323CFD4010007A4C0 /* Assets.xcassets */; };
		3C49D34723CFD4010007A4C0 /* Preview Assets.xcassets in Resources */ = {isa = PBXBuildFile; fileRef = 3C49D34623CFD4010007A4C0 /* Preview Assets.xcassets */; };
		3C49D34A23CFD4010007A4C0 /* LaunchScreen.storyboard in Resources */ = {isa = PBXBuildFile; fileRef = 3C49D34823CFD4010007A4C0 /* LaunchScreen.storyboard */; };
		3C49D35523CFD4010007A4C0 /* Hello_iOS_WorldTests.swift in Sources */ = {isa = PBXBuildFile; fileRef = 3C49D35423CFD4010007A4C0 /* Hello_iOS_WorldTests.swift */; };
		3C49D36023CFD4010007A4C0 /* Hello_iOS_WorldUITests.swift in Sources */ = {isa = PBXBuildFile; fileRef = 3C49D35F23CFD4010007A4C0 /* Hello_iOS_WorldUITests.swift */; };
/* End PBXBuildFile section */

/* Begin PBXContainerItemProxy section */
		3C49D35123CFD4010007A4C0 /* PBXContainerItemProxy */ = {
			isa = PBXContainerItemProxy;
			containerPortal = 3C49D33223CFD3FE0007A4C0 /* Project object */;
			proxyType = 1;
			remoteGlobalIDString = 3C49D33923CFD3FE0007A4C0;
			remoteInfo = Hello_iOS_World;
		};
		3C49D35C23CFD4010007A4C0 /* PBXContainerItemProxy */ = {
			isa = PBXContainerItemProxy;
			containerPortal = 3C49D33223CFD3FE0007A4C0 /* Project object */;
			proxyType = 1;
			remoteGlobalIDString = 3C49D33923CFD3FE0007A4C0;
			remoteInfo = Hello_iOS_World;
		};
/* End PBXContainerItemProxy section */

/* Begin PBXFileReference section */
		3C49D33A23CFD3FE0007A4C0 /* Hello_iOS_World.app */ = {isa = PBXFileReference; explicitFileType = wrapper.application; includeInIndex = 0; path = Hello_iOS_World.app; sourceTree = BUILT_PRODUCTS_DIR; };
		3C49D33D23CFD3FE0007A4C0 /* AppDelegate.swift */ = {isa = PBXFileReference; lastKnownFileType = sourcecode.swift; path = AppDelegate.swift; sourceTree = "<group>"; };
		3C49D33F23CFD3FE0007A4C0 /* SceneDelegate.swift */ = {isa = PBXFileReference; lastKnownFileType = sourcecode.swift; path = SceneDelegate.swift; sourceTree = "<group>"; };
		3C49D34123CFD3FE0007A4C0 /* ContentView.swift */ = {isa = PBXFileReference; lastKnownFileType = sourcecode.swift; path = ContentView.swift; sourceTree = "<group>"; };
		3C49D34323CFD4010007A4C0 /* Assets.xcassets */ = {isa = PBXFileReference; lastKnownFileType = folder.assetcatalog; path = Assets.xcassets; sourceTree = "<group>"; };
		3C49D34623CFD4010007A4C0 /* Preview Assets.xcassets */ = {isa = PBXFileReference; lastKnownFileType = folder.assetcatalog; path = "Preview Assets.xcassets"; sourceTree = "<group>"; };
		3C49D34923CFD4010007A4C0 /* Base */ = {isa = PBXFileReference; lastKnownFileType = file.storyboard; name = Base; path = Base.lproj/LaunchScreen.storyboard; sourceTree = "<group>"; };
		3C49D34B23CFD4010007A4C0 /* Info.plist */ = {isa = PBXFileReference; lastKnownFileType = text.plist.xml; path = Info.plist; sourceTree = "<group>"; };
		3C49D35023CFD4010007A4C0 /* Hello_iOS_WorldTests.xctest */ = {isa = PBXFileReference; explicitFileType = wrapper.cfbundle; includeInIndex = 0; path = Hello_iOS_WorldTests.xctest; sourceTree = BUILT_PRODUCTS_DIR; };
		3C49D35423CFD4010007A4C0 /* Hello_iOS_WorldTests.swift */ = {isa = PBXFileReference; lastKnownFileType = sourcecode.swift; path = Hello_iOS_WorldTests.swift; sourceTree = "<group>"; };
		3C49D35623CFD4010007A4C0 /* Info.plist */ = {isa = PBXFileReference; lastKnownFileType = text.plist.xml; path = Info.plist; sourceTree = "<group>"; };
		3C49D35B23CFD4010007A4C0 /* Hello_iOS_WorldUITests.xctest */ = {isa = PBXFileReference; explicitFileType = wrapper.cfbundle; includeInIndex = 0; path = Hello_iOS_WorldUITests.xctest; sourceTree = BUILT_PRODUCTS_DIR; };
		3C49D35F23CFD4010007A4C0 /* Hello_iOS_WorldUITests.swift */ = {isa = PBXFileReference; lastKnownFileType = sourcecode.swift; path = Hello_iOS_WorldUITests.swift; sourceTree = "<group>"; };
		3C49D36123CFD4010007A4C0 /* Info.plist */ = {isa = PBXFileReference; lastKnownFileType = text.plist.xml; path = Info.plist; sourceTree = "<group>"; };
/* End PBXFileReference section */

/* Begin PBXFrameworksBuildPhase section */
		3C49D33723CFD3FE0007A4C0 /* Frameworks */ = {
			isa = PBXFrameworksBuildPhase;
			buildActionMask = 2147483647;
			files = (
			);
			runOnlyForDeploymentPostprocessing = 0;
		};
		3C49D34D23CFD4010007A4C0 /* Frameworks */ = {
			isa = PBXFrameworksBuildPhase;
			buildActionMask = 2147483647;
			files = (
			);
			runOnlyForDeploymentPostprocessing = 0;
		};
		3C49D35823CFD4010007A4C0 /* Frameworks */ = {
			isa = PBXFrameworksBuildPhase;
			buildActionMask = 2147483647;
			files = (
			);
			runOnlyForDeploymentPostprocessing = 0;
		};
/* End PBXFrameworksBuildPhase section */

/* Begin PBXGroup section */
		3C49D33123CFD3FE0007A4C0 = {
			isa = PBXGroup;
			children = (
				3C49D33C23CFD3FE0007A4C0 /* Hello_iOS_World */,
				3C49D35323CFD4010007A4C0 /* Hello_iOS_WorldTests */,
				3C49D35E23CFD4010007A4C0 /* Hello_iOS_WorldUITests */,
				3C49D33B23CFD3FE0007A4C0 /* Products */,
			);
			sourceTree = "<group>";
		};
		3C49D33B23CFD3FE0007A4C0 /* Products */ = {
			isa = PBXGroup;
			children = (
				3C49D33A23CFD3FE0007A4C0 /* Hello_iOS_World.app */,
				3C49D35023CFD4010007A4C0 /* Hello_iOS_WorldTests.xctest */,
				3C49D35B23CFD4010007A4C0 /* Hello_iOS_WorldUITests.xctest */,
			);
			name = Products;
			sourceTree = "<group>";
		};
		3C49D33C23CFD3FE0007A4C0 /* Hello_iOS_World */ = {
			isa = PBXGroup;
			children = (
				3C49D33D23CFD3FE0007A4C0 /* AppDelegate.swift */,
				3C49D33F23CFD3FE0007A4C0 /* SceneDelegate.swift */,
				3C49D34123CFD3FE0007A4C0 /* ContentView.swift */,
				3C49D34323CFD4010007A4C0 /* Assets.xcassets */,
				3C49D34823CFD4010007A4C0 /* LaunchScreen.storyboard */,
				3C49D34B23CFD4010007A4C0 /* Info.plist */,
				3C49D34523CFD4010007A4C0 /* Preview Content */,
			);
			path = Hello_iOS_World;
			sourceTree = "<group>";
		};
		3C49D34523CFD4010007A4C0 /* Preview Content */ = {
			isa = PBXGroup;
			children = (
				3C49D34623CFD4010007A4C0 /* Preview Assets.xcassets */,
			);
			path = "Preview Content";
			sourceTree = "<group>";
		};
		3C49D35323CFD4010007A4C0 /* Hello_iOS_WorldTests */ = {
			isa = PBXGroup;
			children = (
				3C49D35423CFD4010007A4C0 /* Hello_iOS_WorldTests.swift */,
				3C49D35623CFD4010007A4C0 /* Info.plist */,
			);
			path = Hello_iOS_WorldTests;
			sourceTree = "<group>";
		};
		3C49D35E23CFD4010007A4C0 /* Hello_iOS_WorldUITests */ = {
			isa = PBXGroup;
			children = (
				3C49D35F23CFD4010007A4C0 /* Hello_iOS_WorldUITests.swift */,
				3C49D36123CFD4010007A4C0 /* Info.plist */,
			);
			path = Hello_iOS_WorldUITests;
			sourceTree = "<group>";
		};
/* End PBXGroup section */

/* Begin PBXNativeTarget section */
		3C49D33923CFD3FE0007A4C0 /* Hello_iOS_World */ = {
			isa = PBXNativeTarget;
			buildConfigurationList = 3C49D36423CFD4010007A4C0 /* Build configuration list for PBXNativeTarget "Hello_iOS_World" */;
			buildPhases = (
				3C49D33623CFD3FE0007A4C0 /* Sources */,
				3C49D33723CFD3FE0007A4C0 /* Frameworks */,
				3C49D33823CFD3FE0007A4C0 /* Resources */,
			);
			buildRules = (
			);
			dependencies = (
			);
			name = Hello_iOS_World;
			productName = Hello_iOS_World;
			productReference = 3C49D33A23CFD3FE0007A4C0 /* Hello_iOS_World.app */;
			productType = "com.apple.product-type.application";
		};
		3C49D34F23CFD4010007A4C0 /* Hello_iOS_WorldTests */ = {
			isa = PBXNativeTarget;
			buildConfigurationList = 3C49D36723CFD4010007A4C0 /* Build configuration list for PBXNativeTarget "Hello_iOS_WorldTests" */;
			buildPhases = (
				3C49D34C23CFD4010007A4C0 /* Sources */,
				3C49D34D23CFD4010007A4C0 /* Frameworks */,
				3C49D34E23CFD4010007A4C0 /* Resources */,
			);
			buildRules = (
			);
			dependencies = (
				3C49D35223CFD4010007A4C0 /* PBXTargetDependency */,
			);
			name = Hello_iOS_WorldTests;
			productName = Hello_iOS_WorldTests;
			productReference = 3C49D35023CFD4010007A4C0 /* Hello_iOS_WorldTests.xctest */;
			productType = "com.apple.product-type.bundle.unit-test";
		};
		3C49D35A23CFD4010007A4C0 /* Hello_iOS_WorldUITests */ = {
			isa = PBXNativeTarget;
			buildConfigurationList = 3C49D36A23CFD4010007A4C0 /* Build configuration list for PBXNativeTarget "Hello_iOS_WorldUITests" */;
			buildPhases = (
				3C49D35723CFD4010007A4C0 /* Sources */,
				3C49D35823CFD4010007A4C0 /* Frameworks */,
				3C49D35923CFD4010007A4C0 /* Resources */,
			);
			buildRules = (
			);
			dependencies = (
				3C49D35D23CFD4010007A4C0 /* PBXTargetDependency */,
			);
			name = Hello_iOS_WorldUITests;
			productName = Hello_iOS_WorldUITests;
			productReference = 3C49D35B23CFD4010007A4C0 /* Hello_iOS_WorldUITests.xctest */;
			productType = "com.apple.product-type.bundle.ui-testing";
		};
/* End PBXNativeTarget section */

/* Begin PBXProject section */
		3C49D33223CFD3FE0007A4C0 /* Project object */ = {
			isa = PBXProject;
			attributes = {
				LastSwiftUpdateCheck = 1130;
				LastUpgradeCheck = 1130;
				ORGANIZATIONNAME = "Caleb Harrison";
				TargetAttributes = {
					3C49D33923CFD3FE0007A4C0 = {
						CreatedOnToolsVersion = 11.3.1;
					};
					3C49D34F23CFD4010007A4C0 = {
						CreatedOnToolsVersion = 11.3.1;
						TestTargetID = 3C49D33923CFD3FE0007A4C0;
					};
					3C49D35A23CFD4010007A4C0 = {
						CreatedOnToolsVersion = 11.3.1;
						TestTargetID = 3C49D33923CFD3FE0007A4C0;
					};
				};
			};
			buildConfigurationList = 3C49D33523CFD3FE0007A4C0 /* Build configuration list for PBXProject "Hello_iOS_World" */;
			compatibilityVersion = "Xcode 9.3";
			developmentRegion = en;
			hasScannedForEncodings = 0;
			knownRegions = (
				en,
				Base,
			);
			mainGroup = 3C49D33123CFD3FE0007A4C0;
			productRefGroup = 3C49D33B23CFD3FE0007A4C0 /* Products */;
			projectDirPath = "";
			projectRoot = "";
			targets = (
				3C49D33923CFD3FE0007A4C0 /* Hello_iOS_World */,
				3C49D34F23CFD4010007A4C0 /* Hello_iOS_WorldTests */,
				3C49D35A23CFD4010007A4C0 /* Hello_iOS_WorldUITests */,
			);
		};
/* End PBXProject section */

/* Begin PBXResourcesBuildPhase section */
		3C49D33823CFD3FE0007A4C0 /* Resources */ = {
			isa = PBXResourcesBuildPhase;
			buildActionMask = 2147483647;
			files = (
				3C49D34A23CFD4010007A4C0 /* LaunchScreen.storyboard in Resources */,
				3C49D34723CFD4010007A4C0 /* Preview Assets.xcassets in Resources */,
				3C49D34423CFD4010007A4C0 /* Assets.xcassets in Resources */,
			);
			runOnlyForDeploymentPostprocessing = 0;
		};
		3C49D34E23CFD4010007A4C0 /* Resources */ = {
			isa = PBXResourcesBuildPhase;
			buildActionMask = 2147483647;
			files = (
			);
			runOnlyForDeploymentPostprocessing = 0;
		};
		3C49D35923CFD4010007A4C0 /* Resources */ = {
			isa = PBXResourcesBuildPhase;
			buildActionMask = 2147483647;
			files = (
			);
			runOnlyForDeploymentPostprocessing = 0;
		};
/* End PBXResourcesBuildPhase section */

/* Begin PBXSourcesBuildPhase section */
		3C49D33623CFD3FE0007A4C0 /* Sources */ = {
			isa = PBXSourcesBuildPhase;
			buildActionMask = 2147483647;
			files = (
				3C49D33E23CFD3FE0007A4C0 /* AppDelegate.swift in Sources */,
				3C49D34023CFD3FE0007A4C0 /* SceneDelegate.swift in Sources */,
				3C49D34223CFD3FE0007A4C0 /* ContentView.swift in Sources */,
			);
			runOnlyForDeploymentPostprocessing = 0;
		};
		3C49D34C23CFD4010007A4C0 /* Sources */ = {
			isa = PBXSourcesBuildPhase;
			buildActionMask = 2147483647;
			files = (
				3C49D35523CFD4010007A4C0 /* Hello_iOS_WorldTests.swift in Sources */,
			);
			runOnlyForDeploymentPostprocessing = 0;
		};
		3C49D35723CFD4010007A4C0 /* Sources */ = {
			isa = PBXSourcesBuildPhase;
			buildActionMask = 2147483647;
			files = (
				3C49D36023CFD4010007A4C0 /* Hello_iOS_WorldUITests.swift in Sources */,
			);
			runOnlyForDeploymentPostprocessing = 0;
		};
/* End PBXSourcesBuildPhase section */

/* Begin PBXTargetDependency section */
		3C49D35223CFD4010007A4C0 /* PBXTargetDependency */ = {
			isa = PBXTargetDependency;
			target = 3C49D33923CFD3FE0007A4C0 /* Hello_iOS_World */;
			targetProxy = 3C49D35123CFD4010007A4C0 /* PBXContainerItemProxy */;
		};
		3C49D35D23CFD4010007A4C0 /* PBXTargetDependency */ = {
			isa = PBXTargetDependency;
			target = 3C49D33923CFD3FE0007A4C0 /* Hello_iOS_World */;
			targetProxy = 3C49D35C23CFD4010007A4C0 /* PBXContainerItemProxy */;
		};
/* End PBXTargetDependency section */

/* Begin PBXVariantGroup section */
		3C49D34823CFD4010007A4C0 /* LaunchScreen.storyboard */ = {
			isa = PBXVariantGroup;
			children = (
				3C49D34923CFD4010007A4C0 /* Base */,
			);
			name = LaunchScreen.storyboard;
			sourceTree = "<group>";
		};
/* End PBXVariantGroup section */

/* Begin XCBuildConfiguration section */
		3C49D36223CFD4010007A4C0 /* Debug */ = {
			isa = XCBuildConfiguration;
			buildSettings = {
				ALWAYS_SEARCH_USER_PATHS = NO;
				CLANG_ANALYZER_NONNULL = YES;
				CLANG_ANALYZER_NUMBER_OBJECT_CONVERSION = YES_AGGRESSIVE;
				CLANG_CXX_LANGUAGE_STANDARD = "gnu++14";
				CLANG_CXX_LIBRARY = "libc++";
				CLANG_ENABLE_MODULES = YES;
				CLANG_ENABLE_OBJC_ARC = YES;
				CLANG_ENABLE_OBJC_WEAK = YES;
				CLANG_WARN_BLOCK_CAPTURE_AUTORELEASING = YES;
				CLANG_WARN_BOOL_CONVERSION = YES;
				CLANG_WARN_COMMA = YES;
				CLANG_WARN_CONSTANT_CONVERSION = YES;
				CLANG_WARN_DEPRECATED_OBJC_IMPLEMENTATIONS = YES;
				CLANG_WARN_DIRECT_OBJC_ISA_USAGE = YES_ERROR;
				CLANG_WARN_DOCUMENTATION_COMMENTS = YES;
				CLANG_WARN_EMPTY_BODY = YES;
				CLANG_WARN_ENUM_CONVERSION = YES;
				CLANG_WARN_INFINITE_RECURSION = YES;
				CLANG_WARN_INT_CONVERSION = YES;
				CLANG_WARN_NON_LITERAL_NULL_CONVERSION = YES;
				CLANG_WARN_OBJC_IMPLICIT_RETAIN_SELF = YES;
				CLANG_WARN_OBJC_LITERAL_CONVERSION = YES;
				CLANG_WARN_OBJC_ROOT_CLASS = YES_ERROR;
				CLANG_WARN_RANGE_LOOP_ANALYSIS = YES;
				CLANG_WARN_STRICT_PROTOTYPES = YES;
				CLANG_WARN_SUSPICIOUS_MOVE = YES;
				CLANG_WARN_UNGUARDED_AVAILABILITY = YES_AGGRESSIVE;
				CLANG_WARN_UNREACHABLE_CODE = YES;
				CLANG_WARN__DUPLICATE_METHOD_MATCH = YES;
				COPY_PHASE_STRIP = NO;
				DEBUG_INFORMATION_FORMAT = dwarf;
				ENABLE_STRICT_OBJC_MSGSEND = YES;
				ENABLE_TESTABILITY = YES;
				GCC_C_LANGUAGE_STANDARD = gnu11;
				GCC_DYNAMIC_NO_PIC = NO;
				GCC_NO_COMMON_BLOCKS = YES;
				GCC_OPTIMIZATION_LEVEL = 0;
				GCC_PREPROCESSOR_DEFINITIONS = (
					"DEBUG=1",
					"$(inherited)",
				);
				GCC_WARN_64_TO_32_BIT_CONVERSION = YES;
				GCC_WARN_ABOUT_RETURN_TYPE = YES_ERROR;
				GCC_WARN_UNDECLARED_SELECTOR = YES;
				GCC_WARN_UNINITIALIZED_AUTOS = YES_AGGRESSIVE;
				GCC_WARN_UNUSED_FUNCTION = YES;
				GCC_WARN_UNUSED_VARIABLE = YES;
				IPHONEOS_DEPLOYMENT_TARGET = 13.2;
				MTL_ENABLE_DEBUG_INFO = INCLUDE_SOURCE;
				MTL_FAST_MATH = YES;
				ONLY_ACTIVE_ARCH = YES;
				SDKROOT = iphoneos;
				SWIFT_ACTIVE_COMPILATION_CONDITIONS = DEBUG;
				SWIFT_OPTIMIZATION_LEVEL = "-Onone";
			};
			name = Debug;
		};
		3C49D36323CFD4010007A4C0 /* Release */ = {
			isa = XCBuildConfiguration;
			buildSettings = {
				ALWAYS_SEARCH_USER_PATHS = NO;
				CLANG_ANALYZER_NONNULL = YES;
				CLANG_ANALYZER_NUMBER_OBJECT_CONVERSION = YES_AGGRESSIVE;
				CLANG_CXX_LANGUAGE_STANDARD = "gnu++14";
				CLANG_CXX_LIBRARY = "libc++";
				CLANG_ENABLE_MODULES = YES;
				CLANG_ENABLE_OBJC_ARC = YES;
				CLANG_ENABLE_OBJC_WEAK = YES;
				CLANG_WARN_BLOCK_CAPTURE_AUTORELEASING = YES;
				CLANG_WARN_BOOL_CONVERSION = YES;
				CLANG_WARN_COMMA = YES;
				CLANG_WARN_CONSTANT_CONVERSION = YES;
				CLANG_WARN_DEPRECATED_OBJC_IMPLEMENTATIONS = YES;
				CLANG_WARN_DIRECT_OBJC_ISA_USAGE = YES_ERROR;
				CLANG_WARN_DOCUMENTATION_COMMENTS = YES;
				CLANG_WARN_EMPTY_BODY = YES;
				CLANG_WARN_ENUM_CONVERSION = YES;
				CLANG_WARN_INFINITE_RECURSION = YES;
				CLANG_WARN_INT_CONVERSION = YES;
				CLANG_WARN_NON_LITERAL_NULL_CONVERSION = YES;
				CLANG_WARN_OBJC_IMPLICIT_RETAIN_SELF = YES;
				CLANG_WARN_OBJC_LITERAL_CONVERSION = YES;
				CLANG_WARN_OBJC_ROOT_CLASS = YES_ERROR;
				CLANG_WARN_RANGE_LOOP_ANALYSIS = YES;
				CLANG_WARN_STRICT_PROTOTYPES = YES;
				CLANG_WARN_SUSPICIOUS_MOVE = YES;
				CLANG_WARN_UNGUARDED_AVAILABILITY = YES_AGGRESSIVE;
				CLANG_WARN_UNREACHABLE_CODE = YES;
				CLANG_WARN__DUPLICATE_METHOD_MATCH = YES;
				COPY_PHASE_STRIP = NO;
				DEBUG_INFORMATION_FORMAT = "dwarf-with-dsym";
				ENABLE_NS_ASSERTIONS = NO;
				ENABLE_STRICT_OBJC_MSGSEND = YES;
				GCC_C_LANGUAGE_STANDARD = gnu11;
				GCC_NO_COMMON_BLOCKS = YES;
				GCC_WARN_64_TO_32_BIT_CONVERSION = YES;
				GCC_WARN_ABOUT_RETURN_TYPE = YES_ERROR;
				GCC_WARN_UNDECLARED_SELECTOR = YES;
				GCC_WARN_UNINITIALIZED_AUTOS = YES_AGGRESSIVE;
				GCC_WARN_UNUSED_FUNCTION = YES;
				GCC_WARN_UNUSED_VARIABLE = YES;
				IPHONEOS_DEPLOYMENT_TARGET = 13.2;
				MTL_ENABLE_DEBUG_INFO = NO;
				MTL_FAST_MATH = YES;
				SDKROOT = iphoneos;
				SWIFT_COMPILATION_MODE = wholemodule;
				SWIFT_OPTIMIZATION_LEVEL = "-O";
				VALIDATE_PRODUCT = YES;
			};
			name = Release;
		};
		3C49D36523CFD4010007A4C0 /* Debug */ = {
			isa = XCBuildConfiguration;
			buildSettings = {
				ASSETCATALOG_COMPILER_APPICON_NAME = AppIcon;
				CODE_SIGN_STYLE = Automatic;
				DEVELOPMENT_ASSET_PATHS = "\"Hello_iOS_World/Preview Content\"";
				ENABLE_PREVIEWS = YES;
				INFOPLIST_FILE = Hello_iOS_World/Info.plist;
				LD_RUNPATH_SEARCH_PATHS = (
					"$(inherited)",
					"@executable_path/Frameworks",
				);
				PRODUCT_BUNDLE_IDENTIFIER = "com.CHarrison7.Hello-iOS-World";
				PRODUCT_NAME = "$(TARGET_NAME)";
				SWIFT_VERSION = 5.0;
				TARGETED_DEVICE_FAMILY = "1,2";
			};
			name = Debug;
		};
		3C49D36623CFD4010007A4C0 /* Release */ = {
			isa = XCBuildConfiguration;
			buildSettings = {
				ASSETCATALOG_COMPILER_APPICON_NAME = AppIcon;
				CODE_SIGN_STYLE = Automatic;
				DEVELOPMENT_ASSET_PATHS = "\"Hello_iOS_World/Preview Content\"";
				ENABLE_PREVIEWS = YES;
				INFOPLIST_FILE = Hello_iOS_World/Info.plist;
				LD_RUNPATH_SEARCH_PATHS = (
					"$(inherited)",
					"@executable_path/Frameworks",
				);
				PRODUCT_BUNDLE_IDENTIFIER = "com.CHarrison7.Hello-iOS-World";
				PRODUCT_NAME = "$(TARGET_NAME)";
				SWIFT_VERSION = 5.0;
				TARGETED_DEVICE_FAMILY = "1,2";
			};
			name = Release;
		};
		3C49D36823CFD4010007A4C0 /* Debug */ = {
			isa = XCBuildConfiguration;
			buildSettings = {
				ALWAYS_EMBED_SWIFT_STANDARD_LIBRARIES = YES;
				BUNDLE_LOADER = "$(TEST_HOST)";
				CODE_SIGN_STYLE = Automatic;
				INFOPLIST_FILE = Hello_iOS_WorldTests/Info.plist;
				IPHONEOS_DEPLOYMENT_TARGET = 13.2;
				LD_RUNPATH_SEARCH_PATHS = (
					"$(inherited)",
					"@executable_path/Frameworks",
					"@loader_path/Frameworks",
				);
				PRODUCT_BUNDLE_IDENTIFIER = "com.CHarrison7.Hello-iOS-WorldTests";
				PRODUCT_NAME = "$(TARGET_NAME)";
				SWIFT_VERSION = 5.0;
				TARGETED_DEVICE_FAMILY = "1,2";
				TEST_HOST = "$(BUILT_PRODUCTS_DIR)/Hello_iOS_World.app/Hello_iOS_World";
			};
			name = Debug;
		};
		3C49D36923CFD4010007A4C0 /* Release */ = {
			isa = XCBuildConfiguration;
			buildSettings = {
				ALWAYS_EMBED_SWIFT_STANDARD_LIBRARIES = YES;
				BUNDLE_LOADER = "$(TEST_HOST)";
				CODE_SIGN_STYLE = Automatic;
				INFOPLIST_FILE = Hello_iOS_WorldTests/Info.plist;
				IPHONEOS_DEPLOYMENT_TARGET = 13.2;
				LD_RUNPATH_SEARCH_PATHS = (
					"$(inherited)",
					"@executable_path/Frameworks",
					"@loader_path/Frameworks",
				);
				PRODUCT_BUNDLE_IDENTIFIER = "com.CHarrison7.Hello-iOS-WorldTests";
				PRODUCT_NAME = "$(TARGET_NAME)";
				SWIFT_VERSION = 5.0;
				TARGETED_DEVICE_FAMILY = "1,2";
				TEST_HOST = "$(BUILT_PRODUCTS_DIR)/Hello_iOS_World.app/Hello_iOS_World";
			};
			name = Release;
		};
		3C49D36B23CFD4010007A4C0 /* Debug */ = {
			isa = XCBuildConfiguration;
			buildSettings = {
				ALWAYS_EMBED_SWIFT_STANDARD_LIBRARIES = YES;
				CODE_SIGN_STYLE = Automatic;
				INFOPLIST_FILE = Hello_iOS_WorldUITests/Info.plist;
				LD_RUNPATH_SEARCH_PATHS = (
					"$(inherited)",
					"@executable_path/Frameworks",
					"@loader_path/Frameworks",
				);
				PRODUCT_BUNDLE_IDENTIFIER = "com.CHarrison7.Hello-iOS-WorldUITests";
				PRODUCT_NAME = "$(TARGET_NAME)";
				SWIFT_VERSION = 5.0;
				TARGETED_DEVICE_FAMILY = "1,2";
				TEST_TARGET_NAME = Hello_iOS_World;
			};
			name = Debug;
		};
		3C49D36C23CFD4010007A4C0 /* Release */ = {
			isa = XCBuildConfiguration;
			buildSettings = {
				ALWAYS_EMBED_SWIFT_STANDARD_LIBRARIES = YES;
				CODE_SIGN_STYLE = Automatic;
				INFOPLIST_FILE = Hello_iOS_WorldUITests/Info.plist;
				LD_RUNPATH_SEARCH_PATHS = (
					"$(inherited)",
					"@executable_path/Frameworks",
					"@loader_path/Frameworks",
				);
				PRODUCT_BUNDLE_IDENTIFIER = "com.CHarrison7.Hello-iOS-WorldUITests";
				PRODUCT_NAME = "$(TARGET_NAME)";
				SWIFT_VERSION = 5.0;
				TARGETED_DEVICE_FAMILY = "1,2";
				TEST_TARGET_NAME = Hello_iOS_World;
			};
			name = Release;
		};
/* End XCBuildConfiguration section */

/* Begin XCConfigurationList section */
		3C49D33523CFD3FE0007A4C0 /* Build configuration list for PBXProject "Hello_iOS_World" */ = {
			isa = XCConfigurationList;
			buildConfigurations = (
				3C49D36223CFD4010007A4C0 /* Debug */,
				3C49D36323CFD4010007A4C0 /* Release */,
			);
			defaultConfigurationIsVisible = 0;
			defaultConfigurationName = Release;
		};
		3C49D36423CFD4010007A4C0 /* Build configuration list for PBXNativeTarget "Hello_iOS_World" */ = {
			isa = XCConfigurationList;
			buildConfigurations = (
				3C49D36523CFD4010007A4C0 /* Debug */,
				3C49D36623CFD4010007A4C0 /* Release */,
			);
			defaultConfigurationIsVisible = 0;
			defaultConfigurationName = Release;
		};
		3C49D36723CFD4010007A4C0 /* Build configuration list for PBXNativeTarget "Hello_iOS_WorldTests" */ = {
			isa = XCConfigurationList;
			buildConfigurations = (
				3C49D36823CFD4010007A4C0 /* Debug */,
				3C49D36923CFD4010007A4C0 /* Release */,
			);
			defaultConfigurationIsVisible = 0;
			defaultConfigurationName = Release;
		};
		3C49D36A23CFD4010007A4C0 /* Build configuration list for PBXNativeTarget "Hello_iOS_WorldUITests" */ = {
			isa = XCConfigurationList;
			buildConfigurations = (
				3C49D36B23CFD4010007A4C0 /* Debug */,
				3C49D36C23CFD4010007A4C0 /* Release */,
			);
			defaultConfigurationIsVisible = 0;
			defaultConfigurationName = Release;
		};
/* End XCConfigurationList section */
	};
	rootObject = 3C49D33223CFD3FE0007A4C0 /* Project object */;
}
